<?xml version="1.0" encoding="UTF-8"?>
<!DOCTYPE plist PUBLIC "-//Apple//DTD PLIST 1.0//EN" "http://www.apple.com/DTDs/PropertyList-1.0.dtd">
<plist version="1.0">
<dict>
	<key>archiveVersion</key>
	<string>1</string>
	<key>classes</key>
	<dict/>
	<key>objectVersion</key>
	<string>46</string>
	<key>objects</key>
	<dict>
		<key>093B8C3845F89B67402347B1</key>
		<dict>
			<key>includeInIndex</key>
			<string>1</string>
			<key>isa</key>
			<string>PBXFileReference</string>
			<key>lastKnownFileType</key>
			<string>text.xcconfig</string>
			<key>name</key>
			<string>Pods-CognitiveConcierge.debug.xcconfig</string>
			<key>path</key>
			<string>Pods/Target Support Files/Pods-CognitiveConcierge/Pods-CognitiveConcierge.debug.xcconfig</string>
			<key>sourceTree</key>
			<string>&lt;group&gt;</string>
		</dict>
		<key>39A907EB378D2C4DA13F61F7</key>
		<dict>
			<key>fileRef</key>
			<string>87BB7C94DAD466B58261E3B8</string>
			<key>isa</key>
			<string>PBXBuildFile</string>
		</dict>
		<key>49A1A28CFD61AC8AEF74DEE3</key>
		<dict>
			<key>children</key>
			<array>
				<string>093B8C3845F89B67402347B1</string>
				<string>D208A19ADBFAA42F104EF383</string>
			</array>
			<key>isa</key>
			<string>PBXGroup</string>
			<key>name</key>
			<string>Pods</string>
			<key>sourceTree</key>
			<string>&lt;group&gt;</string>
		</dict>
		<key>7ADBC9D11DDD591000837023</key>
		<dict>
			<key>isa</key>
			<string>PBXFileReference</string>
			<key>lastKnownFileType</key>
			<string>wrapper.framework</string>
			<key>name</key>
			<string>ConversationV1.framework</string>
			<key>path</key>
			<string>Carthage/Build/iOS/ConversationV1.framework</string>
			<key>sourceTree</key>
			<string>&lt;group&gt;</string>
		</dict>
		<key>7ADBC9D21DDD591000837023</key>
		<dict>
			<key>isa</key>
			<string>PBXFileReference</string>
			<key>lastKnownFileType</key>
			<string>wrapper.framework</string>
			<key>name</key>
			<string>RestKit.framework</string>
			<key>path</key>
			<string>Carthage/Build/iOS/RestKit.framework</string>
			<key>sourceTree</key>
			<string>&lt;group&gt;</string>
		</dict>
		<key>7ADBC9D31DDD591000837023</key>
		<dict>
			<key>isa</key>
			<string>PBXFileReference</string>
			<key>lastKnownFileType</key>
			<string>wrapper.framework</string>
			<key>name</key>
			<string>SpeechToTextV1.framework</string>
			<key>path</key>
			<string>Carthage/Build/iOS/SpeechToTextV1.framework</string>
			<key>sourceTree</key>
			<string>&lt;group&gt;</string>
		</dict>
		<key>7ADBC9D41DDD591000837023</key>
		<dict>
			<key>isa</key>
			<string>PBXFileReference</string>
			<key>lastKnownFileType</key>
			<string>wrapper.framework</string>
			<key>name</key>
			<string>TextToSpeechV1.framework</string>
			<key>path</key>
			<string>Carthage/Build/iOS/TextToSpeechV1.framework</string>
			<key>sourceTree</key>
			<string>&lt;group&gt;</string>
		</dict>
		<key>7ADBC9D51DDD591000837023</key>
		<dict>
			<key>fileRef</key>
			<string>7ADBC9D11DDD591000837023</string>
			<key>isa</key>
			<string>PBXBuildFile</string>
		</dict>
		<key>7ADBC9D61DDD591000837023</key>
		<dict>
			<key>fileRef</key>
			<string>7ADBC9D21DDD591000837023</string>
			<key>isa</key>
			<string>PBXBuildFile</string>
		</dict>
		<key>7ADBC9D71DDD591000837023</key>
		<dict>
			<key>fileRef</key>
			<string>7ADBC9D31DDD591000837023</string>
			<key>isa</key>
			<string>PBXBuildFile</string>
		</dict>
		<key>7ADBC9D81DDD591000837023</key>
		<dict>
			<key>fileRef</key>
			<string>7ADBC9D41DDD591000837023</string>
			<key>isa</key>
			<string>PBXBuildFile</string>
		</dict>
		<key>7ADBC9D91DDD591700837023</key>
		<dict>
			<key>buildActionMask</key>
			<string>2147483647</string>
			<key>files</key>
			<array/>
			<key>inputPaths</key>
			<array>
				<string>$(SRCROOT)/Carthage/Build/iOS/TextToSpeechV1.framework</string>
				<string>$(SRCROOT)/Carthage/Build/iOS/ConversationV1.framework</string>
				<string>$(SRCROOT)/Carthage/Build/iOS/SpeechToTextV1.framework</string>
				<string>$(SRCROOT)/Carthage/Build/iOS/RestKit.framework</string>
			</array>
			<key>isa</key>
			<string>PBXShellScriptBuildPhase</string>
			<key>outputPaths</key>
			<array/>
			<key>runOnlyForDeploymentPostprocessing</key>
			<string>0</string>
			<key>shellPath</key>
			<string>/bin/sh</string>
			<key>shellScript</key>
			<string>/usr/local/bin/carthage copy-frameworks</string>
		</dict>
		<key>7F4F5BBE1D6E1B4400CF0A13</key>
		<dict>
			<key>fileEncoding</key>
			<string>4</string>
			<key>isa</key>
			<string>PBXFileReference</string>
			<key>lastKnownFileType</key>
			<string>text.plist.xml</string>
			<key>path</key>
			<string>CognitiveConcierge.plist</string>
			<key>sourceTree</key>
			<string>&lt;group&gt;</string>
		</dict>
		<key>7F4F5BBF1D6E1B4400CF0A13</key>
		<dict>
			<key>fileRef</key>
			<string>7F4F5BBE1D6E1B4400CF0A13</string>
			<key>isa</key>
			<string>PBXBuildFile</string>
		</dict>
		<key>7F642A7D1D610919007A0F53</key>
		<dict>
			<key>fileEncoding</key>
			<string>4</string>
			<key>isa</key>
			<string>PBXFileReference</string>
			<key>lastKnownFileType</key>
			<string>sourcecode.swift</string>
			<key>path</key>
			<string>Conversation.swift</string>
			<key>sourceTree</key>
			<string>&lt;group&gt;</string>
		</dict>
		<key>7F642A7E1D610919007A0F53</key>
		<dict>
			<key>fileRef</key>
			<string>7F642A7D1D610919007A0F53</string>
			<key>isa</key>
			<string>PBXBuildFile</string>
		</dict>
		<key>7F6FAE761D6A75F700BE7829</key>
		<dict>
			<key>fileEncoding</key>
			<string>4</string>
			<key>isa</key>
			<string>PBXFileReference</string>
			<key>lastKnownFileType</key>
			<string>file.xib</string>
			<key>path</key>
			<string>HorizontalOnePartStackView.xib</string>
			<key>sourceTree</key>
			<string>&lt;group&gt;</string>
		</dict>
		<key>7F6FAE771D6A75F700BE7829</key>
		<dict>
			<key>fileRef</key>
			<string>7F6FAE761D6A75F700BE7829</string>
			<key>isa</key>
			<string>PBXBuildFile</string>
		</dict>
		<key>7F6FAE781D6A760A00BE7829</key>
		<dict>
			<key>fileEncoding</key>
			<string>4</string>
			<key>isa</key>
			<string>PBXFileReference</string>
			<key>lastKnownFileType</key>
			<string>sourcecode.swift</string>
			<key>path</key>
			<string>HorizontalOnePartStackView.swift</string>
			<key>sourceTree</key>
			<string>&lt;group&gt;</string>
		</dict>
		<key>7F6FAE791D6A760A00BE7829</key>
		<dict>
			<key>fileRef</key>
			<string>7F6FAE781D6A760A00BE7829</string>
			<key>isa</key>
			<string>PBXBuildFile</string>
		</dict>
		<key>7F6FAE7A1D6B4A0A00BE7829</key>
		<dict>
			<key>children</key>
			<array>
				<string>CE79F3821D8304DE00550967</string>
				<string>7F6FAE7B1D6B4A1E00BE7829</string>
			</array>
			<key>isa</key>
			<string>PBXGroup</string>
			<key>name</key>
			<string>Resources</string>
			<key>sourceTree</key>
			<string>&lt;group&gt;</string>
		</dict>
		<key>7F6FAE7B1D6B4A1E00BE7829</key>
		<dict>
			<key>children</key>
			<array>
				<string>7F6FAE7C1D6B4A2400BE7829</string>
			</array>
			<key>isa</key>
			<string>PBXGroup</string>
			<key>name</key>
			<string>Fonts</string>
			<key>sourceTree</key>
			<string>&lt;group&gt;</string>
		</dict>
		<key>7F6FAE7C1D6B4A2400BE7829</key>
		<dict>
			<key>children</key>
			<array>
				<string>CE68A5B91D89E57F00CC0E4E</string>
				<string>CE1C1B601D79167900F1C4D2</string>
			</array>
			<key>isa</key>
			<string>PBXGroup</string>
			<key>name</key>
			<string>OpenSans</string>
			<key>sourceTree</key>
			<string>&lt;group&gt;</string>
		</dict>
		<key>7F6FAE9B1D6B5E5800BE7829</key>
		<dict>
			<key>fileEncoding</key>
			<string>4</string>
			<key>isa</key>
			<string>PBXFileReference</string>
			<key>lastKnownFileType</key>
			<string>sourcecode.swift</string>
			<key>path</key>
			<string>RecommendedRestaurantDetailView.swift</string>
			<key>sourceTree</key>
			<string>&lt;group&gt;</string>
		</dict>
		<key>7F6FAE9C1D6B5E5800BE7829</key>
		<dict>
			<key>fileRef</key>
			<string>7F6FAE9B1D6B5E5800BE7829</string>
			<key>isa</key>
			<string>PBXBuildFile</string>
		</dict>
		<key>7F6FAE9D1D6B5E6800BE7829</key>
		<dict>
			<key>fileEncoding</key>
			<string>4</string>
			<key>isa</key>
			<string>PBXFileReference</string>
			<key>lastKnownFileType</key>
			<string>file.xib</string>
			<key>path</key>
			<string>RecommendedRestaurantDetailView.xib</string>
			<key>sourceTree</key>
			<string>&lt;group&gt;</string>
		</dict>
		<key>7F6FAE9E1D6B5E6800BE7829</key>
		<dict>
			<key>fileRef</key>
			<string>7F6FAE9D1D6B5E6800BE7829</string>
			<key>isa</key>
			<string>PBXBuildFile</string>
		</dict>
		<key>7F8F98151D61036F0061E220</key>
		<dict>
			<key>fileEncoding</key>
			<string>4</string>
			<key>isa</key>
			<string>PBXFileReference</string>
			<key>lastKnownFileType</key>
			<string>sourcecode.swift</string>
			<key>path</key>
			<string>MessagesViewController.swift</string>
			<key>sourceTree</key>
			<string>&lt;group&gt;</string>
		</dict>
		<key>7F8F98161D61036F0061E220</key>
		<dict>
			<key>fileRef</key>
			<string>7F8F98151D61036F0061E220</string>
			<key>isa</key>
			<string>PBXBuildFile</string>
		</dict>
		<key>7F9F773B1D6381EE00B9114B</key>
		<dict>
			<key>children</key>
			<array>
				<string>7F642A7D1D610919007A0F53</string>
				<string>7F9F773F1D64A3A500B9114B</string>
				<string>7F9F77411D64B6AD00B9114B</string>
				<string>CE60F2C71D78AC5000F8DBF1</string>
				<string>CE79F3841D830E0E00550967</string>
			</array>
			<key>isa</key>
			<string>PBXGroup</string>
			<key>name</key>
			<string>Models</string>
			<key>sourceTree</key>
			<string>&lt;group&gt;</string>
		</dict>
		<key>7F9F773C1D6381F900B9114B</key>
		<dict>
			<key>children</key>
			<array>
				<string>CED91C401DAEB06A0026A4D7</string>
				<string>7FA7F88F1D60CEA70039792A</string>
				<string>CE58188A1D74828D006D3D43</string>
				<string>7F9F77441D64E09500B9114B</string>
				<string>CE68A5B71D89E39E00CC0E4E</string>
			</array>
			<key>isa</key>
			<string>PBXGroup</string>
			<key>name</key>
			<string>Controllers</string>
			<key>sourceTree</key>
			<string>&lt;group&gt;</string>
		</dict>
		<key>7F9F773D1D649FA600B9114B</key>
		<dict>
			<key>fileEncoding</key>
			<string>4</string>
			<key>isa</key>
			<string>PBXFileReference</string>
			<key>lastKnownFileType</key>
			<string>text.json</string>
			<key>path</key>
			<string>restaurantReviews.json</string>
			<key>sourceTree</key>
			<string>&lt;group&gt;</string>
		</dict>
		<key>7F9F773E1D649FA600B9114B</key>
		<dict>
			<key>fileRef</key>
			<string>7F9F773D1D649FA600B9114B</string>
			<key>isa</key>
			<string>PBXBuildFile</string>
		</dict>
		<key>7F9F773F1D64A3A500B9114B</key>
		<dict>
			<key>fileEncoding</key>
			<string>4</string>
			<key>isa</key>
			<string>PBXFileReference</string>
			<key>lastKnownFileType</key>
			<string>sourcecode.swift</string>
			<key>path</key>
			<string>Restaurant.swift</string>
			<key>sourceTree</key>
			<string>&lt;group&gt;</string>
		</dict>
		<key>7F9F77401D64A3A500B9114B</key>
		<dict>
			<key>fileRef</key>
			<string>7F9F773F1D64A3A500B9114B</string>
			<key>isa</key>
			<string>PBXBuildFile</string>
		</dict>
		<key>7F9F77411D64B6AD00B9114B</key>
		<dict>
			<key>fileEncoding</key>
			<string>4</string>
			<key>isa</key>
			<string>PBXFileReference</string>
			<key>lastKnownFileType</key>
			<string>text</string>
			<key>path</key>
			<string>reviews.txt</string>
			<key>sourceTree</key>
			<string>&lt;group&gt;</string>
		</dict>
		<key>7F9F77431D64CB5F00B9114B</key>
		<dict>
			<key>fileRef</key>
			<string>7F9F77411D64B6AD00B9114B</string>
			<key>isa</key>
			<string>PBXBuildFile</string>
		</dict>
		<key>7F9F77441D64E09500B9114B</key>
		<dict>
			<key>fileEncoding</key>
			<string>4</string>
			<key>isa</key>
			<string>PBXFileReference</string>
			<key>lastKnownFileType</key>
			<string>sourcecode.swift</string>
			<key>path</key>
			<string>RestaurantViewController.swift</string>
			<key>sourceTree</key>
			<string>&lt;group&gt;</string>
		</dict>
		<key>7F9F77451D64E09500B9114B</key>
		<dict>
			<key>fileRef</key>
			<string>7F9F77441D64E09500B9114B</string>
			<key>isa</key>
			<string>PBXBuildFile</string>
		</dict>
		<key>7F9F77481D664C8900B9114B</key>
		<dict>
			<key>children</key>
			<array>
				<string>7F6FAE781D6A760A00BE7829</string>
				<string>7F6FAE761D6A75F700BE7829</string>
				<string>7F9F774B1D664D4B00B9114B</string>
				<string>7F9F77491D664D2500B9114B</string>
				<string>7FA7F8931D60CEA70039792A</string>
				<string>7FEAA4301D835AB300E4839C</string>
				<string>7FEAA42E1D8356C100E4839C</string>
				<string>CE60F2C91D78BEC800F8DBF1</string>
				<string>CE60F2CA1D78BEC800F8DBF1</string>
			</array>
			<key>isa</key>
			<string>PBXGroup</string>
			<key>name</key>
			<string>Views</string>
			<key>sourceTree</key>
			<string>&lt;group&gt;</string>
		</dict>
		<key>7F9F77491D664D2500B9114B</key>
		<dict>
			<key>fileEncoding</key>
			<string>4</string>
			<key>isa</key>
			<string>PBXFileReference</string>
			<key>lastKnownFileType</key>
			<string>file.xib</string>
			<key>path</key>
			<string>RecommendedRestaurantTableViewCell.xib</string>
			<key>sourceTree</key>
			<string>&lt;group&gt;</string>
		</dict>
		<key>7F9F774A1D664D2500B9114B</key>
		<dict>
			<key>fileRef</key>
			<string>7F9F77491D664D2500B9114B</string>
			<key>isa</key>
			<string>PBXBuildFile</string>
		</dict>
		<key>7F9F774B1D664D4B00B9114B</key>
		<dict>
			<key>fileEncoding</key>
			<string>4</string>
			<key>isa</key>
			<string>PBXFileReference</string>
			<key>lastKnownFileType</key>
			<string>sourcecode.swift</string>
			<key>path</key>
			<string>RecommendedRestaurantTableViewCell.swift</string>
			<key>sourceTree</key>
			<string>&lt;group&gt;</string>
		</dict>
		<key>7F9F774C1D664D4B00B9114B</key>
		<dict>
			<key>fileRef</key>
			<string>7F9F774B1D664D4B00B9114B</string>
			<key>isa</key>
			<string>PBXBuildFile</string>
		</dict>
		<key>7F9F77501D6652D600B9114B</key>
		<dict>
			<key>children</key>
			<array>
				<string>CE1C1B611D79C07D00F1C4D2</string>
				<string>7F9F77511D6652F200B9114B</string>
				<string>7F9F77551D6655B100B9114B</string>
				<string>CE1C1B751D79F48100F1C4D2</string>
			</array>
			<key>isa</key>
			<string>PBXGroup</string>
			<key>name</key>
			<string>Extensions</string>
			<key>sourceTree</key>
			<string>&lt;group&gt;</string>
		</dict>
		<key>7F9F77511D6652F200B9114B</key>
		<dict>
			<key>fileEncoding</key>
			<string>4</string>
			<key>isa</key>
			<string>PBXFileReference</string>
			<key>lastKnownFileType</key>
			<string>sourcecode.swift</string>
			<key>path</key>
			<string>UIColorExtension.swift</string>
			<key>sourceTree</key>
			<string>&lt;group&gt;</string>
		</dict>
		<key>7F9F77521D6652F200B9114B</key>
		<dict>
			<key>fileRef</key>
			<string>7F9F77511D6652F200B9114B</string>
			<key>isa</key>
			<string>PBXBuildFile</string>
		</dict>
		<key>7F9F77551D6655B100B9114B</key>
		<dict>
			<key>fileEncoding</key>
			<string>4</string>
			<key>isa</key>
			<string>PBXFileReference</string>
			<key>lastKnownFileType</key>
			<string>sourcecode.swift</string>
			<key>path</key>
			<string>UIFontExtension.swift</string>
			<key>sourceTree</key>
			<string>&lt;group&gt;</string>
		</dict>
		<key>7F9F77561D6655B100B9114B</key>
		<dict>
			<key>fileRef</key>
			<string>7F9F77551D6655B100B9114B</string>
			<key>isa</key>
			<string>PBXBuildFile</string>
		</dict>
		<key>7FA7F8831D60CEA70039792A</key>
		<dict>
			<key>children</key>
			<array>
				<string>7FA7F88E1D60CEA70039792A</string>
				<string>7FA7F88D1D60CEA70039792A</string>
				<string>49A1A28CFD61AC8AEF74DEE3</string>
				<string>D58AA635FF82F295E566095A</string>
			</array>
			<key>isa</key>
			<string>PBXGroup</string>
			<key>sourceTree</key>
			<string>&lt;group&gt;</string>
		</dict>
		<key>7FA7F8841D60CEA70039792A</key>
		<dict>
			<key>attributes</key>
			<dict>
				<key>LastSwiftUpdateCheck</key>
				<string>0730</string>
				<key>LastUpgradeCheck</key>
				<string>0820</string>
				<key>ORGANIZATIONNAME</key>
				<string>IBM</string>
				<key>TargetAttributes</key>
				<dict>
					<key>7FA7F88B1D60CEA70039792A</key>
					<dict>
						<key>CreatedOnToolsVersion</key>
						<string>7.3.1</string>
						<key>LastSwiftMigration</key>
						<string>0800</string>
					</dict>
				</dict>
			</dict>
			<key>buildConfigurationList</key>
			<string>7FA7F8871D60CEA70039792A</string>
			<key>compatibilityVersion</key>
			<string>Xcode 3.2</string>
			<key>developmentRegion</key>
			<string>English</string>
			<key>hasScannedForEncodings</key>
			<string>0</string>
			<key>isa</key>
			<string>PBXProject</string>
			<key>knownRegions</key>
			<array>
				<string>en</string>
				<string>Base</string>
			</array>
			<key>mainGroup</key>
			<string>7FA7F8831D60CEA70039792A</string>
			<key>productRefGroup</key>
			<string>7FA7F88D1D60CEA70039792A</string>
			<key>projectDirPath</key>
			<string></string>
			<key>projectReferences</key>
			<array/>
			<key>projectRoot</key>
			<string></string>
			<key>targets</key>
			<array>
				<string>7FA7F88B1D60CEA70039792A</string>
			</array>
		</dict>
		<key>7FA7F8871D60CEA70039792A</key>
		<dict>
			<key>buildConfigurations</key>
			<array>
				<string>7FA7F89C1D60CEA70039792A</string>
				<string>7FA7F89D1D60CEA70039792A</string>
			</array>
			<key>defaultConfigurationIsVisible</key>
			<string>0</string>
			<key>defaultConfigurationName</key>
			<string>Release</string>
			<key>isa</key>
			<string>XCConfigurationList</string>
		</dict>
		<key>7FA7F8881D60CEA70039792A</key>
		<dict>
			<key>buildActionMask</key>
			<string>2147483647</string>
			<key>files</key>
			<array>
				<string>CE1C1B6F1D79C5ED00F1C4D2</string>
				<string>972AB5611DA5E17900985506</string>
				<string>CE79F37D1D81161800550967</string>
				<string>CE1C1B621D79C07D00F1C4D2</string>
				<string>7F9F77401D64A3A500B9114B</string>
				<string>7F9F77451D64E09500B9114B</string>
				<string>7F642A7E1D610919007A0F53</string>
				<string>CE5818831D6BA007006D3D43</string>
				<string>CE1C1B761D79F48100F1C4D2</string>
				<string>7F8F98161D61036F0061E220</string>
				<string>7FEAA42F1D8356C100E4839C</string>
				<string>7F6FAE9C1D6B5E5800BE7829</string>
				<string>7F6FAE791D6A760A00BE7829</string>
				<string>CE60F2CB1D78BEC800F8DBF1</string>
				<string>CEA4552F1D80691800F531C0</string>
				<string>7F9F77521D6652F200B9114B</string>
				<string>CEC1B4C11DABD473004F211A</string>
				<string>CE5818811D6B7703006D3D43</string>
				<string>7FA7F8901D60CEA70039792A</string>
				<string>CED9E2A01D74BCF000AADF4D</string>
				<string>CE58188B1D74828D006D3D43</string>
				<string>7F9F774C1D664D4B00B9114B</string>
				<string>CE1C1B711D79C6C300F1C4D2</string>
				<string>7F9F77561D6655B100B9114B</string>
				<string>CE60F2C81D78AC5000F8DBF1</string>
				<string>CE1456181DAE8CEB00A7E744</string>
			</array>
			<key>isa</key>
			<string>PBXSourcesBuildPhase</string>
			<key>runOnlyForDeploymentPostprocessing</key>
			<string>0</string>
		</dict>
		<key>7FA7F8891D60CEA70039792A</key>
		<dict>
			<key>buildActionMask</key>
			<string>2147483647</string>
			<key>files</key>
			<array>
				<string>7ADBC9D51DDD591000837023</string>
				<string>7ADBC9D61DDD591000837023</string>
				<string>7ADBC9D71DDD591000837023</string>
				<string>7ADBC9D81DDD591000837023</string>
				<string>39A907EB378D2C4DA13F61F7</string>
			</array>
			<key>isa</key>
			<string>PBXFrameworksBuildPhase</string>
			<key>runOnlyForDeploymentPostprocessing</key>
			<string>0</string>
		</dict>
		<key>7FA7F88A1D60CEA70039792A</key>
		<dict>
			<key>buildActionMask</key>
			<string>2147483647</string>
			<key>files</key>
			<array>
				<string>CE68A5BA1D89E57F00CC0E4E</string>
				<string>CE72A1221DA30C9900D6552E</string>
				<string>CE79F3831D8304DE00550967</string>
				<string>972AB5631DA5E6F600985506</string>
				<string>7F9F77431D64CB5F00B9114B</string>
				<string>CE1C1B721D79E40F00F1C4D2</string>
				<string>7F9F773E1D649FA600B9114B</string>
				<string>7F6FAE9E1D6B5E6800BE7829</string>
				<string>7FA7F89A1D60CEA70039792A</string>
				<string>7FA7F8971D60CEA70039792A</string>
				<string>7FEAA4311D835AB300E4839C</string>
				<string>7F9F774A1D664D2500B9114B</string>
				<string>CE72A1241DA30C9E00D6552E</string>
				<string>CE72A11E1DA2AF7700D6552E</string>
				<string>CE72A1201DA30C9200D6552E</string>
				<string>7FA7F8951D60CEA70039792A</string>
				<string>CE1456191DAE8CEB00A7E744</string>
				<string>7F4F5BBF1D6E1B4400CF0A13</string>
				<string>7F6FAE771D6A75F700BE7829</string>
				<string>CE60F2CC1D78BEC800F8DBF1</string>
			</array>
			<key>isa</key>
			<string>PBXResourcesBuildPhase</string>
			<key>runOnlyForDeploymentPostprocessing</key>
			<string>0</string>
		</dict>
		<key>7FA7F88B1D60CEA70039792A</key>
		<dict>
			<key>buildConfigurationList</key>
			<string>7FA7F89E1D60CEA70039792A</string>
			<key>buildPhases</key>
			<array>
				<string>DCF64E1E0842AB98FA211060</string>
				<string>7FA7F8881D60CEA70039792A</string>
				<string>7FA7F8891D60CEA70039792A</string>
				<string>7FA7F88A1D60CEA70039792A</string>
				<string>AC602C9C2CC8488428B28876</string>
				<string>AC03295D12905A521ECC3F5F</string>
				<string>7ADBC9D91DDD591700837023</string>
			</array>
			<key>buildRules</key>
			<array/>
			<key>dependencies</key>
			<array/>
			<key>isa</key>
			<string>PBXNativeTarget</string>
			<key>name</key>
			<string>CognitiveConcierge</string>
			<key>productName</key>
			<string>WatsonRecommendations</string>
			<key>productReference</key>
			<string>7FA7F88C1D60CEA70039792A</string>
			<key>productType</key>
			<string>com.apple.product-type.application</string>
		</dict>
		<key>7FA7F88C1D60CEA70039792A</key>
		<dict>
			<key>explicitFileType</key>
			<string>wrapper.application</string>
			<key>includeInIndex</key>
			<string>0</string>
			<key>isa</key>
			<string>PBXFileReference</string>
			<key>path</key>
			<string>CognitiveConcierge.app</string>
			<key>sourceTree</key>
			<string>BUILT_PRODUCTS_DIR</string>
		</dict>
		<key>7FA7F88D1D60CEA70039792A</key>
		<dict>
			<key>children</key>
			<array>
				<string>7FA7F88C1D60CEA70039792A</string>
			</array>
			<key>isa</key>
			<string>PBXGroup</string>
			<key>name</key>
			<string>Products</string>
			<key>sourceTree</key>
			<string>&lt;group&gt;</string>
		</dict>
		<key>7FA7F88E1D60CEA70039792A</key>
		<dict>
			<key>children</key>
			<array>
				<string>CE1C1B671D79C45A00F1C4D2</string>
				<string>CE1C1B661D79C30700F1C4D2</string>
				<string>CED9E29C1D749C5C00AADF4D</string>
				<string>7F9F773C1D6381F900B9114B</string>
				<string>CE72A1251DA30CF100D6552E</string>
				<string>7F9F773B1D6381EE00B9114B</string>
				<string>7F9F77481D664C8900B9114B</string>
				<string>7F9F77501D6652D600B9114B</string>
				<string>7F6FAE7A1D6B4A0A00BE7829</string>
				<string>7FA7F8961D60CEA70039792A</string>
				<string>7FA7F8981D60CEA70039792A</string>
				<string>7FA7F89B1D60CEA70039792A</string>
				<string>972AB5621DA5E6F600985506</string>
				<string>7F4F5BBE1D6E1B4400CF0A13</string>
			</array>
			<key>isa</key>
			<string>PBXGroup</string>
			<key>path</key>
			<string>CognitiveConcierge</string>
			<key>sourceTree</key>
			<string>&lt;group&gt;</string>
		</dict>
		<key>7FA7F88F1D60CEA70039792A</key>
		<dict>
			<key>isa</key>
			<string>PBXFileReference</string>
			<key>lastKnownFileType</key>
			<string>sourcecode.swift</string>
			<key>path</key>
			<string>AppDelegate.swift</string>
			<key>sourceTree</key>
			<string>&lt;group&gt;</string>
		</dict>
		<key>7FA7F8901D60CEA70039792A</key>
		<dict>
			<key>fileRef</key>
			<string>7FA7F88F1D60CEA70039792A</string>
			<key>isa</key>
			<string>PBXBuildFile</string>
		</dict>
		<key>7FA7F8931D60CEA70039792A</key>
		<dict>
			<key>children</key>
			<array>
				<string>7FA7F8941D60CEA70039792A</string>
			</array>
			<key>isa</key>
			<string>PBXVariantGroup</string>
			<key>name</key>
			<string>Main.storyboard</string>
			<key>sourceTree</key>
			<string>&lt;group&gt;</string>
		</dict>
		<key>7FA7F8941D60CEA70039792A</key>
		<dict>
			<key>isa</key>
			<string>PBXFileReference</string>
			<key>lastKnownFileType</key>
			<string>file.storyboard</string>
			<key>name</key>
			<string>Base</string>
			<key>path</key>
			<string>Base.lproj/Main.storyboard</string>
			<key>sourceTree</key>
			<string>&lt;group&gt;</string>
		</dict>
		<key>7FA7F8951D60CEA70039792A</key>
		<dict>
			<key>fileRef</key>
			<string>7FA7F8931D60CEA70039792A</string>
			<key>isa</key>
			<string>PBXBuildFile</string>
		</dict>
		<key>7FA7F8961D60CEA70039792A</key>
		<dict>
			<key>isa</key>
			<string>PBXFileReference</string>
			<key>lastKnownFileType</key>
			<string>folder.assetcatalog</string>
			<key>path</key>
			<string>Assets.xcassets</string>
			<key>sourceTree</key>
			<string>&lt;group&gt;</string>
		</dict>
		<key>7FA7F8971D60CEA70039792A</key>
		<dict>
			<key>fileRef</key>
			<string>7FA7F8961D60CEA70039792A</string>
			<key>isa</key>
			<string>PBXBuildFile</string>
		</dict>
		<key>7FA7F8981D60CEA70039792A</key>
		<dict>
			<key>children</key>
			<array>
				<string>7FA7F8991D60CEA70039792A</string>
			</array>
			<key>isa</key>
			<string>PBXVariantGroup</string>
			<key>name</key>
			<string>LaunchScreen.storyboard</string>
			<key>sourceTree</key>
			<string>&lt;group&gt;</string>
		</dict>
		<key>7FA7F8991D60CEA70039792A</key>
		<dict>
			<key>isa</key>
			<string>PBXFileReference</string>
			<key>lastKnownFileType</key>
			<string>file.storyboard</string>
			<key>name</key>
			<string>Base</string>
			<key>path</key>
			<string>Base.lproj/LaunchScreen.storyboard</string>
			<key>sourceTree</key>
			<string>&lt;group&gt;</string>
		</dict>
		<key>7FA7F89A1D60CEA70039792A</key>
		<dict>
			<key>fileRef</key>
			<string>7FA7F8981D60CEA70039792A</string>
			<key>isa</key>
			<string>PBXBuildFile</string>
		</dict>
		<key>7FA7F89B1D60CEA70039792A</key>
		<dict>
			<key>isa</key>
			<string>PBXFileReference</string>
			<key>lastKnownFileType</key>
			<string>text.plist.xml</string>
			<key>path</key>
			<string>Info.plist</string>
			<key>sourceTree</key>
			<string>&lt;group&gt;</string>
		</dict>
		<key>7FA7F89C1D60CEA70039792A</key>
		<dict>
			<key>buildSettings</key>
			<dict>
				<key>ALWAYS_SEARCH_USER_PATHS</key>
				<string>NO</string>
				<key>CLANG_ANALYZER_NONNULL</key>
				<string>YES</string>
				<key>CLANG_CXX_LANGUAGE_STANDARD</key>
				<string>gnu++0x</string>
				<key>CLANG_CXX_LIBRARY</key>
				<string>libc++</string>
				<key>CLANG_ENABLE_MODULES</key>
				<string>YES</string>
				<key>CLANG_ENABLE_OBJC_ARC</key>
				<string>YES</string>
				<key>CLANG_WARN_BOOL_CONVERSION</key>
				<string>YES</string>
				<key>CLANG_WARN_CONSTANT_CONVERSION</key>
				<string>YES</string>
				<key>CLANG_WARN_DIRECT_OBJC_ISA_USAGE</key>
				<string>YES_ERROR</string>
				<key>CLANG_WARN_EMPTY_BODY</key>
				<string>YES</string>
				<key>CLANG_WARN_ENUM_CONVERSION</key>
				<string>YES</string>
				<key>CLANG_WARN_INFINITE_RECURSION</key>
				<string>YES</string>
				<key>CLANG_WARN_INT_CONVERSION</key>
				<string>YES</string>
				<key>CLANG_WARN_OBJC_ROOT_CLASS</key>
				<string>YES_ERROR</string>
				<key>CLANG_WARN_SUSPICIOUS_MOVE</key>
				<string>YES</string>
				<key>CLANG_WARN_UNREACHABLE_CODE</key>
				<string>YES</string>
				<key>CLANG_WARN__DUPLICATE_METHOD_MATCH</key>
				<string>YES</string>
				<key>CODE_SIGN_IDENTITY[sdk=iphoneos*]</key>
				<string>iPhone Developer</string>
				<key>COPY_PHASE_STRIP</key>
				<string>NO</string>
				<key>DEBUG_INFORMATION_FORMAT</key>
				<string>dwarf</string>
				<key>ENABLE_STRICT_OBJC_MSGSEND</key>
				<string>YES</string>
				<key>ENABLE_TESTABILITY</key>
				<string>YES</string>
				<key>GCC_C_LANGUAGE_STANDARD</key>
				<string>gnu99</string>
				<key>GCC_DYNAMIC_NO_PIC</key>
				<string>NO</string>
				<key>GCC_NO_COMMON_BLOCKS</key>
				<string>YES</string>
				<key>GCC_OPTIMIZATION_LEVEL</key>
				<string>0</string>
				<key>GCC_PREPROCESSOR_DEFINITIONS</key>
				<array>
					<string>DEBUG=1</string>
					<string>$(inherited)</string>
				</array>
				<key>GCC_WARN_64_TO_32_BIT_CONVERSION</key>
				<string>YES</string>
				<key>GCC_WARN_ABOUT_RETURN_TYPE</key>
				<string>YES_ERROR</string>
				<key>GCC_WARN_UNDECLARED_SELECTOR</key>
				<string>YES</string>
				<key>GCC_WARN_UNINITIALIZED_AUTOS</key>
				<string>YES_AGGRESSIVE</string>
				<key>GCC_WARN_UNUSED_FUNCTION</key>
				<string>YES</string>
				<key>GCC_WARN_UNUSED_VARIABLE</key>
				<string>YES</string>
				<key>IPHONEOS_DEPLOYMENT_TARGET</key>
				<string>9.3</string>
				<key>MTL_ENABLE_DEBUG_INFO</key>
				<string>YES</string>
				<key>ONLY_ACTIVE_ARCH</key>
				<string>YES</string>
				<key>SDKROOT</key>
				<string>iphoneos</string>
				<key>SWIFT_OPTIMIZATION_LEVEL</key>
				<string>-Onone</string>
				<key>SWIFT_VERSION</key>
				<string>2.3</string>
				<key>TARGETED_DEVICE_FAMILY</key>
				<string>1,2</string>
			</dict>
			<key>isa</key>
			<string>XCBuildConfiguration</string>
			<key>name</key>
			<string>Debug</string>
		</dict>
		<key>7FA7F89D1D60CEA70039792A</key>
		<dict>
			<key>buildSettings</key>
			<dict>
				<key>ALWAYS_SEARCH_USER_PATHS</key>
				<string>NO</string>
				<key>CLANG_ANALYZER_NONNULL</key>
				<string>YES</string>
				<key>CLANG_CXX_LANGUAGE_STANDARD</key>
				<string>gnu++0x</string>
				<key>CLANG_CXX_LIBRARY</key>
				<string>libc++</string>
				<key>CLANG_ENABLE_MODULES</key>
				<string>YES</string>
				<key>CLANG_ENABLE_OBJC_ARC</key>
				<string>YES</string>
				<key>CLANG_WARN_BOOL_CONVERSION</key>
				<string>YES</string>
				<key>CLANG_WARN_CONSTANT_CONVERSION</key>
				<string>YES</string>
				<key>CLANG_WARN_DIRECT_OBJC_ISA_USAGE</key>
				<string>YES_ERROR</string>
				<key>CLANG_WARN_EMPTY_BODY</key>
				<string>YES</string>
				<key>CLANG_WARN_ENUM_CONVERSION</key>
				<string>YES</string>
				<key>CLANG_WARN_INFINITE_RECURSION</key>
				<string>YES</string>
				<key>CLANG_WARN_INT_CONVERSION</key>
				<string>YES</string>
				<key>CLANG_WARN_OBJC_ROOT_CLASS</key>
				<string>YES_ERROR</string>
				<key>CLANG_WARN_SUSPICIOUS_MOVE</key>
				<string>YES</string>
				<key>CLANG_WARN_UNREACHABLE_CODE</key>
				<string>YES</string>
				<key>CLANG_WARN__DUPLICATE_METHOD_MATCH</key>
				<string>YES</string>
				<key>CODE_SIGN_IDENTITY[sdk=iphoneos*]</key>
				<string>iPhone Developer</string>
				<key>COPY_PHASE_STRIP</key>
				<string>NO</string>
				<key>DEBUG_INFORMATION_FORMAT</key>
				<string>dwarf-with-dsym</string>
				<key>ENABLE_NS_ASSERTIONS</key>
				<string>NO</string>
				<key>ENABLE_STRICT_OBJC_MSGSEND</key>
				<string>YES</string>
				<key>GCC_C_LANGUAGE_STANDARD</key>
				<string>gnu99</string>
				<key>GCC_NO_COMMON_BLOCKS</key>
				<string>YES</string>
				<key>GCC_WARN_64_TO_32_BIT_CONVERSION</key>
				<string>YES</string>
				<key>GCC_WARN_ABOUT_RETURN_TYPE</key>
				<string>YES_ERROR</string>
				<key>GCC_WARN_UNDECLARED_SELECTOR</key>
				<string>YES</string>
				<key>GCC_WARN_UNINITIALIZED_AUTOS</key>
				<string>YES_AGGRESSIVE</string>
				<key>GCC_WARN_UNUSED_FUNCTION</key>
				<string>YES</string>
				<key>GCC_WARN_UNUSED_VARIABLE</key>
				<string>YES</string>
				<key>IPHONEOS_DEPLOYMENT_TARGET</key>
				<string>9.3</string>
				<key>MTL_ENABLE_DEBUG_INFO</key>
				<string>NO</string>
				<key>SDKROOT</key>
				<string>iphoneos</string>
				<key>SWIFT_OPTIMIZATION_LEVEL</key>
				<string>-Owholemodule</string>
				<key>SWIFT_VERSION</key>
				<string>2.3</string>
				<key>TARGETED_DEVICE_FAMILY</key>
				<string>1,2</string>
				<key>VALIDATE_PRODUCT</key>
				<string>YES</string>
			</dict>
			<key>isa</key>
			<string>XCBuildConfiguration</string>
			<key>name</key>
			<string>Release</string>
		</dict>
		<key>7FA7F89E1D60CEA70039792A</key>
		<dict>
			<key>buildConfigurations</key>
			<array>
				<string>7FA7F89F1D60CEA70039792A</string>
				<string>7FA7F8A01D60CEA70039792A</string>
			</array>
			<key>defaultConfigurationIsVisible</key>
			<string>0</string>
			<key>defaultConfigurationName</key>
			<string>Release</string>
			<key>isa</key>
			<string>XCConfigurationList</string>
		</dict>
		<key>7FA7F89F1D60CEA70039792A</key>
		<dict>
			<key>baseConfigurationReference</key>
			<string>093B8C3845F89B67402347B1</string>
			<key>buildSettings</key>
			<dict>
				<key>ALWAYS_EMBED_SWIFT_STANDARD_LIBRARIES</key>
				<string>$(inherited)</string>
				<key>ASSETCATALOG_COMPILER_APPICON_NAME</key>
				<string>AppIcon</string>
				<key>CODE_SIGN_IDENTITY</key>
				<string>iPhone Developer</string>
				<key>CODE_SIGN_IDENTITY[sdk=iphoneos*]</key>
				<string>iPhone Developer</string>
				<key>DEVELOPMENT_TEAM</key>
				<string></string>
				<key>FRAMEWORK_SEARCH_PATHS</key>
				<array>
					<string>$(inherited)</string>
					<string>$(PROJECT_DIR)/Carthage/Build/iOS</string>
					<string>$(PROJECT_DIR)/Pods/GooglePlaces/Frameworks/**</string>
				</array>
				<key>INFOPLIST_FILE</key>
				<string>CognitiveConcierge/Info.plist</string>
				<key>IPHONEOS_DEPLOYMENT_TARGET</key>
				<string>10.1</string>
				<key>LD_RUNPATH_SEARCH_PATHS</key>
				<string>$(inherited) @executable_path/Frameworks</string>
				<key>PRODUCT_BUNDLE_IDENTIFIER</key>
				<string>com.ibm.CognitiveConcierge</string>
				<key>PRODUCT_NAME</key>
				<string>$(TARGET_NAME)</string>
				<key>PROVISIONING_PROFILE</key>
				<string></string>
				<key>SWIFT_VERSION</key>
				<string>3.0.1</string>
				<key>TARGETED_DEVICE_FAMILY</key>
				<string>1,2</string>
			</dict>
			<key>isa</key>
			<string>XCBuildConfiguration</string>
			<key>name</key>
			<string>Debug</string>
		</dict>
		<key>7FA7F8A01D60CEA70039792A</key>
		<dict>
			<key>baseConfigurationReference</key>
			<string>D208A19ADBFAA42F104EF383</string>
			<key>buildSettings</key>
			<dict>
				<key>ALWAYS_EMBED_SWIFT_STANDARD_LIBRARIES</key>
				<string>$(inherited)</string>
				<key>ASSETCATALOG_COMPILER_APPICON_NAME</key>
				<string>AppIcon</string>
				<key>CODE_SIGN_IDENTITY</key>
				<string>iPhone Developer</string>
				<key>CODE_SIGN_IDENTITY[sdk=iphoneos*]</key>
				<string>iPhone Developer</string>
				<key>DEVELOPMENT_TEAM</key>
				<string></string>
				<key>FRAMEWORK_SEARCH_PATHS</key>
				<array>
					<string>$(inherited)</string>
					<string>$(PROJECT_DIR)/Carthage/Build/iOS</string>
					<string>$(PROJECT_DIR)/Pods/GooglePlaces/Frameworks</string>
				</array>
				<key>INFOPLIST_FILE</key>
				<string>CognitiveConcierge/Info.plist</string>
				<key>IPHONEOS_DEPLOYMENT_TARGET</key>
				<string>10.1</string>
				<key>LD_RUNPATH_SEARCH_PATHS</key>
				<string>$(inherited) @executable_path/Frameworks</string>
				<key>PRODUCT_BUNDLE_IDENTIFIER</key>
				<string>com.ibm.CognitiveConcierge</string>
				<key>PRODUCT_NAME</key>
				<string>$(TARGET_NAME)</string>
				<key>PROVISIONING_PROFILE</key>
				<string></string>
				<key>SWIFT_VERSION</key>
				<string>3.0.1</string>
				<key>TARGETED_DEVICE_FAMILY</key>
				<string>1,2</string>
			</dict>
			<key>isa</key>
			<string>XCBuildConfiguration</string>
			<key>name</key>
			<string>Release</string>
		</dict>
		<key>7FEAA42E1D8356C100E4839C</key>
		<dict>
			<key>fileEncoding</key>
			<string>4</string>
			<key>isa</key>
			<string>PBXFileReference</string>
			<key>lastKnownFileType</key>
			<string>sourcecode.swift</string>
			<key>path</key>
			<string>WatsonOverlay.swift</string>
			<key>sourceTree</key>
			<string>&lt;group&gt;</string>
		</dict>
		<key>7FEAA42F1D8356C100E4839C</key>
		<dict>
			<key>fileRef</key>
			<string>7FEAA42E1D8356C100E4839C</string>
			<key>isa</key>
			<string>PBXBuildFile</string>
		</dict>
		<key>7FEAA4301D835AB300E4839C</key>
		<dict>
			<key>fileEncoding</key>
			<string>4</string>
			<key>isa</key>
			<string>PBXFileReference</string>
			<key>lastKnownFileType</key>
			<string>file.xib</string>
			<key>path</key>
			<string>WatsonOverlay.xib</string>
			<key>sourceTree</key>
			<string>&lt;group&gt;</string>
		</dict>
		<key>7FEAA4311D835AB300E4839C</key>
		<dict>
			<key>fileRef</key>
			<string>7FEAA4301D835AB300E4839C</string>
			<key>isa</key>
			<string>PBXBuildFile</string>
		</dict>
		<key>87BB7C94DAD466B58261E3B8</key>
		<dict>
			<key>explicitFileType</key>
			<string>wrapper.framework</string>
			<key>includeInIndex</key>
			<string>0</string>
			<key>isa</key>
			<string>PBXFileReference</string>
			<key>path</key>
			<string>Pods_CognitiveConcierge.framework</string>
			<key>sourceTree</key>
			<string>BUILT_PRODUCTS_DIR</string>
		</dict>
		<key>972AB5601DA5E17900985506</key>
		<dict>
			<key>fileEncoding</key>
			<string>4</string>
			<key>isa</key>
			<string>PBXFileReference</string>
			<key>lastKnownFileType</key>
			<string>sourcecode.swift</string>
			<key>path</key>
			<string>BluemixConfiguration.swift</string>
			<key>sourceTree</key>
			<string>&lt;group&gt;</string>
		</dict>
		<key>972AB5611DA5E17900985506</key>
		<dict>
			<key>fileRef</key>
			<string>972AB5601DA5E17900985506</string>
			<key>isa</key>
			<string>PBXBuildFile</string>
		</dict>
		<key>972AB5621DA5E6F600985506</key>
		<dict>
			<key>fileEncoding</key>
			<string>4</string>
			<key>isa</key>
			<string>PBXFileReference</string>
			<key>lastKnownFileType</key>
			<string>text.plist.xml</string>
			<key>name</key>
			<string>bluemix.plist</string>
			<key>path</key>
			<string>Configuration/bluemix.plist</string>
			<key>sourceTree</key>
			<string>&lt;group&gt;</string>
		</dict>
		<key>972AB5631DA5E6F600985506</key>
		<dict>
			<key>fileRef</key>
			<string>972AB5621DA5E6F600985506</string>
			<key>isa</key>
			<string>PBXBuildFile</string>
		</dict>
		<key>AC03295D12905A521ECC3F5F</key>
		<dict>
			<key>buildActionMask</key>
			<string>2147483647</string>
			<key>files</key>
			<array/>
			<key>inputPaths</key>
			<array/>
			<key>isa</key>
			<string>PBXShellScriptBuildPhase</string>
			<key>name</key>
			<string>[CP] Copy Pods Resources</string>
			<key>outputPaths</key>
			<array/>
			<key>runOnlyForDeploymentPostprocessing</key>
			<string>0</string>
			<key>shellPath</key>
			<string>/bin/sh</string>
			<key>shellScript</key>
			<string>"${SRCROOT}/Pods/Target Support Files/Pods-CognitiveConcierge/Pods-CognitiveConcierge-resources.sh"
</string>
			<key>showEnvVarsInLog</key>
			<string>0</string>
		</dict>
		<key>AC602C9C2CC8488428B28876</key>
		<dict>
			<key>buildActionMask</key>
			<string>2147483647</string>
			<key>files</key>
			<array/>
			<key>inputPaths</key>
			<array/>
			<key>isa</key>
			<string>PBXShellScriptBuildPhase</string>
			<key>name</key>
			<string>[CP] Embed Pods Frameworks</string>
			<key>outputPaths</key>
			<array/>
			<key>runOnlyForDeploymentPostprocessing</key>
			<string>0</string>
			<key>shellPath</key>
			<string>/bin/sh</string>
			<key>shellScript</key>
			<string>"${SRCROOT}/Pods/Target Support Files/Pods-CognitiveConcierge/Pods-CognitiveConcierge-frameworks.sh"
</string>
			<key>showEnvVarsInLog</key>
			<string>0</string>
		</dict>
		<key>CE1456161DAE8CEB00A7E744</key>
		<dict>
			<key>fileEncoding</key>
			<string>4</string>
			<key>isa</key>
			<string>PBXFileReference</string>
			<key>lastKnownFileType</key>
			<string>sourcecode.swift</string>
			<key>path</key>
			<string>DecisionsView.swift</string>
			<key>sourceTree</key>
			<string>&lt;group&gt;</string>
		</dict>
		<key>CE1456171DAE8CEB00A7E744</key>
		<dict>
			<key>fileEncoding</key>
			<string>4</string>
			<key>isa</key>
			<string>PBXFileReference</string>
			<key>lastKnownFileType</key>
			<string>file.xib</string>
			<key>path</key>
			<string>DecisionsView.xib</string>
			<key>sourceTree</key>
			<string>&lt;group&gt;</string>
		</dict>
		<key>CE1456181DAE8CEB00A7E744</key>
		<dict>
			<key>fileRef</key>
			<string>CE1456161DAE8CEB00A7E744</string>
			<key>isa</key>
			<string>PBXBuildFile</string>
		</dict>
		<key>CE1456191DAE8CEB00A7E744</key>
		<dict>
			<key>fileRef</key>
			<string>CE1456171DAE8CEB00A7E744</string>
			<key>isa</key>
			<string>PBXBuildFile</string>
		</dict>
		<key>CE1C1B601D79167900F1C4D2</key>
		<dict>
			<key>isa</key>
			<string>PBXFileReference</string>
			<key>lastKnownFileType</key>
			<string>file</string>
			<key>path</key>
			<string>SFNSDisplay.ttf</string>
			<key>sourceTree</key>
			<string>&lt;group&gt;</string>
		</dict>
		<key>CE1C1B611D79C07D00F1C4D2</key>
		<dict>
			<key>fileEncoding</key>
			<string>4</string>
			<key>isa</key>
			<string>PBXFileReference</string>
			<key>lastKnownFileType</key>
			<string>sourcecode.swift</string>
			<key>path</key>
			<string>UIViewExtensions.swift</string>
			<key>sourceTree</key>
			<string>&lt;group&gt;</string>
		</dict>
		<key>CE1C1B621D79C07D00F1C4D2</key>
		<dict>
			<key>fileRef</key>
			<string>CE1C1B611D79C07D00F1C4D2</string>
			<key>isa</key>
			<string>PBXBuildFile</string>
		</dict>
		<key>CE1C1B661D79C30700F1C4D2</key>
		<dict>
			<key>children</key>
			<array>
				<string>CE5818821D6BA007006D3D43</string>
			</array>
			<key>isa</key>
			<string>PBXGroup</string>
			<key>name</key>
			<string>Utils</string>
			<key>sourceTree</key>
			<string>&lt;group&gt;</string>
		</dict>
		<key>CE1C1B671D79C45A00F1C4D2</key>
		<dict>
			<key>children</key>
			<array>
				<string>CE1C1B6E1D79C5ED00F1C4D2</string>
				<string>CEA4552E1D80691800F531C0</string>
				<string>CE79F37C1D81161800550967</string>
				<string>CE1C1B701D79C6C300F1C4D2</string>
			</array>
			<key>isa</key>
			<string>PBXGroup</string>
			<key>name</key>
			<string>Navigation</string>
			<key>sourceTree</key>
			<string>&lt;group&gt;</string>
		</dict>
		<key>CE1C1B6E1D79C5ED00F1C4D2</key>
		<dict>
			<key>fileEncoding</key>
			<string>4</string>
			<key>isa</key>
			<string>PBXFileReference</string>
			<key>lastKnownFileType</key>
			<string>sourcecode.swift</string>
			<key>path</key>
			<string>MoreIconBarButtonItem.swift</string>
			<key>sourceTree</key>
			<string>&lt;group&gt;</string>
		</dict>
		<key>CE1C1B6F1D79C5ED00F1C4D2</key>
		<dict>
			<key>fileRef</key>
			<string>CE1C1B6E1D79C5ED00F1C4D2</string>
			<key>isa</key>
			<string>PBXBuildFile</string>
		</dict>
		<key>CE1C1B701D79C6C300F1C4D2</key>
		<dict>
			<key>fileEncoding</key>
			<string>4</string>
			<key>isa</key>
			<string>PBXFileReference</string>
			<key>lastKnownFileType</key>
			<string>sourcecode.swift</string>
			<key>path</key>
			<string>ProfileBarButtonItem.swift</string>
			<key>sourceTree</key>
			<string>&lt;group&gt;</string>
		</dict>
		<key>CE1C1B711D79C6C300F1C4D2</key>
		<dict>
			<key>fileRef</key>
			<string>CE1C1B701D79C6C300F1C4D2</string>
			<key>isa</key>
			<string>PBXBuildFile</string>
		</dict>
		<key>CE1C1B721D79E40F00F1C4D2</key>
		<dict>
			<key>fileRef</key>
			<string>CE1C1B601D79167900F1C4D2</string>
			<key>isa</key>
			<string>PBXBuildFile</string>
		</dict>
		<key>CE1C1B751D79F48100F1C4D2</key>
		<dict>
			<key>fileEncoding</key>
			<string>4</string>
			<key>isa</key>
			<string>PBXFileReference</string>
			<key>lastKnownFileType</key>
			<string>sourcecode.swift</string>
			<key>path</key>
			<string>UILabelExtensions.swift</string>
			<key>sourceTree</key>
			<string>&lt;group&gt;</string>
		</dict>
		<key>CE1C1B761D79F48100F1C4D2</key>
		<dict>
			<key>fileRef</key>
			<string>CE1C1B751D79F48100F1C4D2</string>
			<key>isa</key>
			<string>PBXBuildFile</string>
		</dict>
		<key>CE5818801D6B7703006D3D43</key>
		<dict>
			<key>fileEncoding</key>
			<string>4</string>
			<key>isa</key>
			<string>PBXFileReference</string>
			<key>lastKnownFileType</key>
			<string>sourcecode.swift</string>
			<key>path</key>
			<string>RestaurantDetailViewController.swift</string>
			<key>sourceTree</key>
			<string>&lt;group&gt;</string>
		</dict>
		<key>CE5818811D6B7703006D3D43</key>
		<dict>
			<key>fileRef</key>
			<string>CE5818801D6B7703006D3D43</string>
			<key>isa</key>
			<string>PBXBuildFile</string>
		</dict>
		<key>CE5818821D6BA007006D3D43</key>
		<dict>
			<key>fileEncoding</key>
			<string>4</string>
			<key>isa</key>
			<string>PBXFileReference</string>
			<key>lastKnownFileType</key>
			<string>sourcecode.swift</string>
			<key>path</key>
			<string>Utils.swift</string>
			<key>sourceTree</key>
			<string>&lt;group&gt;</string>
		</dict>
		<key>CE5818831D6BA007006D3D43</key>
		<dict>
			<key>fileRef</key>
			<string>CE5818821D6BA007006D3D43</string>
			<key>isa</key>
			<string>PBXBuildFile</string>
		</dict>
		<key>CE58188A1D74828D006D3D43</key>
		<dict>
			<key>fileEncoding</key>
			<string>4</string>
			<key>isa</key>
			<string>PBXFileReference</string>
			<key>lastKnownFileType</key>
			<string>sourcecode.swift</string>
			<key>path</key>
			<string>EntertainmentOptionsViewController.swift</string>
			<key>sourceTree</key>
			<string>&lt;group&gt;</string>
		</dict>
		<key>CE58188B1D74828D006D3D43</key>
		<dict>
			<key>fileRef</key>
			<string>CE58188A1D74828D006D3D43</string>
			<key>isa</key>
			<string>PBXBuildFile</string>
		</dict>
		<key>CE60F2C71D78AC5000F8DBF1</key>
		<dict>
			<key>fileEncoding</key>
			<string>4</string>
			<key>isa</key>
			<string>PBXFileReference</string>
			<key>lastKnownFileType</key>
			<string>sourcecode.swift</string>
			<key>path</key>
			<string>User.swift</string>
			<key>sourceTree</key>
			<string>&lt;group&gt;</string>
		</dict>
		<key>CE60F2C81D78AC5000F8DBF1</key>
		<dict>
			<key>fileRef</key>
			<string>CE60F2C71D78AC5000F8DBF1</string>
			<key>isa</key>
			<string>PBXBuildFile</string>
		</dict>
		<key>CE60F2C91D78BEC800F8DBF1</key>
		<dict>
			<key>fileEncoding</key>
			<string>4</string>
			<key>isa</key>
			<string>PBXFileReference</string>
			<key>lastKnownFileType</key>
			<string>sourcecode.swift</string>
			<key>path</key>
			<string>EntertainmentCollectionViewCell.swift</string>
			<key>sourceTree</key>
			<string>&lt;group&gt;</string>
		</dict>
		<key>CE60F2CA1D78BEC800F8DBF1</key>
		<dict>
			<key>fileEncoding</key>
			<string>4</string>
			<key>isa</key>
			<string>PBXFileReference</string>
			<key>lastKnownFileType</key>
			<string>file.xib</string>
			<key>path</key>
			<string>EntertainmentCollectionViewCell.xib</string>
			<key>sourceTree</key>
			<string>&lt;group&gt;</string>
		</dict>
		<key>CE60F2CB1D78BEC800F8DBF1</key>
		<dict>
			<key>fileRef</key>
			<string>CE60F2C91D78BEC800F8DBF1</string>
			<key>isa</key>
			<string>PBXBuildFile</string>
		</dict>
		<key>CE60F2CC1D78BEC800F8DBF1</key>
		<dict>
			<key>fileRef</key>
			<string>CE60F2CA1D78BEC800F8DBF1</string>
			<key>isa</key>
			<string>PBXBuildFile</string>
		</dict>
		<key>CE68A5B71D89E39E00CC0E4E</key>
		<dict>
			<key>children</key>
			<array>
				<string>CE68A5B81D89E3AA00CC0E4E</string>
				<string>CE5818801D6B7703006D3D43</string>
			</array>
			<key>isa</key>
			<string>PBXGroup</string>
			<key>name</key>
			<string>RestaurantDetailViewController</string>
			<key>sourceTree</key>
			<string>&lt;group&gt;</string>
		</dict>
		<key>CE68A5B81D89E3AA00CC0E4E</key>
		<dict>
			<key>children</key>
			<array>
				<string>7F6FAE9D1D6B5E6800BE7829</string>
				<string>7F6FAE9B1D6B5E5800BE7829</string>
			</array>
			<key>isa</key>
			<string>PBXGroup</string>
			<key>name</key>
			<string>Subviews</string>
			<key>sourceTree</key>
			<string>&lt;group&gt;</string>
		</dict>
		<key>CE68A5B91D89E57F00CC0E4E</key>
		<dict>
			<key>isa</key>
			<string>PBXFileReference</string>
			<key>lastKnownFileType</key>
			<string>file</string>
			<key>path</key>
			<string>SFNSDisplay-Bold.ttf</string>
			<key>sourceTree</key>
			<string>&lt;group&gt;</string>
		</dict>
		<key>CE68A5BA1D89E57F00CC0E4E</key>
		<dict>
			<key>fileRef</key>
			<string>CE68A5B91D89E57F00CC0E4E</string>
			<key>isa</key>
			<string>PBXBuildFile</string>
		</dict>
		<key>CE72A11D1DA2AF7700D6552E</key>
		<dict>
			<key>fileEncoding</key>
			<string>4</string>
			<key>isa</key>
			<string>PBXFileReference</string>
			<key>lastKnownFileType</key>
			<string>text.json</string>
			<key>path</key>
			<string>LasVegasReviews.json</string>
			<key>sourceTree</key>
			<string>&lt;group&gt;</string>
		</dict>
		<key>CE72A11E1DA2AF7700D6552E</key>
		<dict>
			<key>fileRef</key>
			<string>CE72A11D1DA2AF7700D6552E</string>
			<key>isa</key>
			<string>PBXBuildFile</string>
		</dict>
		<key>CE72A11F1DA30C9200D6552E</key>
		<dict>
			<key>fileEncoding</key>
			<string>4</string>
			<key>isa</key>
			<string>PBXFileReference</string>
			<key>lastKnownFileType</key>
			<string>text.json</string>
			<key>path</key>
			<string>anniversary.json</string>
			<key>sourceTree</key>
			<string>&lt;group&gt;</string>
		</dict>
		<key>CE72A1201DA30C9200D6552E</key>
		<dict>
			<key>fileRef</key>
			<string>CE72A11F1DA30C9200D6552E</string>
			<key>isa</key>
			<string>PBXBuildFile</string>
		</dict>
		<key>CE72A1211DA30C9900D6552E</key>
		<dict>
			<key>fileEncoding</key>
			<string>4</string>
			<key>isa</key>
			<string>PBXFileReference</string>
			<key>lastKnownFileType</key>
			<string>text.json</string>
			<key>path</key>
			<string>birthday.json</string>
			<key>sourceTree</key>
			<string>&lt;group&gt;</string>
		</dict>
		<key>CE72A1221DA30C9900D6552E</key>
		<dict>
			<key>fileRef</key>
			<string>CE72A1211DA30C9900D6552E</string>
			<key>isa</key>
			<string>PBXBuildFile</string>
		</dict>
		<key>CE72A1231DA30C9E00D6552E</key>
		<dict>
			<key>fileEncoding</key>
			<string>4</string>
			<key>isa</key>
			<string>PBXFileReference</string>
			<key>lastKnownFileType</key>
			<string>text.json</string>
			<key>path</key>
			<string>casual.json</string>
			<key>sourceTree</key>
			<string>&lt;group&gt;</string>
		</dict>
		<key>CE72A1241DA30C9E00D6552E</key>
		<dict>
			<key>fileRef</key>
			<string>CE72A1231DA30C9E00D6552E</string>
			<key>isa</key>
			<string>PBXBuildFile</string>
		</dict>
		<key>CE72A1251DA30CF100D6552E</key>
		<dict>
			<key>children</key>
			<array>
				<string>CE72A11F1DA30C9200D6552E</string>
				<string>CE72A1211DA30C9900D6552E</string>
				<string>CE72A1231DA30C9E00D6552E</string>
				<string>CE72A11D1DA2AF7700D6552E</string>
				<string>7F9F773D1D649FA600B9114B</string>
			</array>
			<key>isa</key>
			<string>PBXGroup</string>
			<key>name</key>
			<string>Mock Data</string>
			<key>sourceTree</key>
			<string>&lt;group&gt;</string>
		</dict>
		<key>CE79F37C1D81161800550967</key>
		<dict>
			<key>fileEncoding</key>
			<string>4</string>
			<key>isa</key>
			<string>PBXFileReference</string>
			<key>lastKnownFileType</key>
			<string>sourcecode.swift</string>
			<key>path</key>
			<string>WhitePathIconBarButtonItem.swift</string>
			<key>sourceTree</key>
			<string>&lt;group&gt;</string>
		</dict>
		<key>CE79F37D1D81161800550967</key>
		<dict>
			<key>fileRef</key>
			<string>CE79F37C1D81161800550967</string>
			<key>isa</key>
			<string>PBXBuildFile</string>
		</dict>
		<key>CE79F3821D8304DE00550967</key>
		<dict>
			<key>isa</key>
			<string>PBXFileReference</string>
			<key>lastKnownFileType</key>
			<string>image.gif</string>
			<key>name</key>
			<string>Watson-blue.gif</string>
			<key>path</key>
			<string>../Watson-blue.gif</string>
			<key>sourceTree</key>
			<string>&lt;group&gt;</string>
		</dict>
		<key>CE79F3831D8304DE00550967</key>
		<dict>
			<key>fileRef</key>
			<string>CE79F3821D8304DE00550967</string>
			<key>isa</key>
			<string>PBXBuildFile</string>
		</dict>
		<key>CE79F3841D830E0E00550967</key>
		<dict>
			<key>fileEncoding</key>
			<string>4</string>
			<key>isa</key>
			<string>PBXFileReference</string>
			<key>lastKnownFileType</key>
			<string>sourcecode.swift</string>
			<key>path</key>
			<string>WatsonOverlay.swift</string>
			<key>sourceTree</key>
			<string>&lt;group&gt;</string>
		</dict>
		<key>CEA4552E1D80691800F531C0</key>
		<dict>
			<key>fileEncoding</key>
			<string>4</string>
			<key>isa</key>
			<string>PBXFileReference</string>
			<key>lastKnownFileType</key>
			<string>sourcecode.swift</string>
			<key>path</key>
			<string>PathIconBarButtonItem.swift</string>
			<key>sourceTree</key>
			<string>&lt;group&gt;</string>
		</dict>
		<key>CEA4552F1D80691800F531C0</key>
		<dict>
			<key>fileRef</key>
			<string>CEA4552E1D80691800F531C0</string>
			<key>isa</key>
			<string>PBXBuildFile</string>
		</dict>
		<key>CEC1B4C01DABD473004F211A</key>
		<dict>
			<key>fileEncoding</key>
			<string>4</string>
			<key>isa</key>
			<string>PBXFileReference</string>
			<key>lastKnownFileType</key>
			<string>sourcecode.swift</string>
			<key>path</key>
			<string>MessagesViewModel.swift</string>
			<key>sourceTree</key>
			<string>&lt;group&gt;</string>
		</dict>
		<key>CEC1B4C11DABD473004F211A</key>
		<dict>
			<key>fileRef</key>
			<string>CEC1B4C01DABD473004F211A</string>
			<key>isa</key>
			<string>PBXBuildFile</string>
		</dict>
		<key>CED91C401DAEB06A0026A4D7</key>
		<dict>
			<key>children</key>
			<array>
				<string>CED91C411DAEB0950026A4D7</string>
				<string>CEC1B4C01DABD473004F211A</string>
				<string>7F8F98151D61036F0061E220</string>
			</array>
			<key>isa</key>
			<string>PBXGroup</string>
			<key>name</key>
			<string>MessagesViewController</string>
			<key>sourceTree</key>
			<string>&lt;group&gt;</string>
		</dict>
		<key>CED91C411DAEB0950026A4D7</key>
		<dict>
			<key>children</key>
			<array>
				<string>CE1456171DAE8CEB00A7E744</string>
				<string>CE1456161DAE8CEB00A7E744</string>
			</array>
			<key>isa</key>
			<string>PBXGroup</string>
			<key>name</key>
			<string>Subviews</string>
			<key>sourceTree</key>
			<string>&lt;group&gt;</string>
		</dict>
		<key>CED9E29C1D749C5C00AADF4D</key>
		<dict>
			<key>children</key>
			<array>
				<string>CED9E29F1D74BCF000AADF4D</string>
				<string>972AB5601DA5E17900985506</string>
			</array>
			<key>isa</key>
			<string>PBXGroup</string>
			<key>name</key>
			<string>DataManagers</string>
			<key>sourceTree</key>
			<string>&lt;group&gt;</string>
		</dict>
		<key>CED9E29F1D74BCF000AADF4D</key>
		<dict>
			<key>fileEncoding</key>
			<string>4</string>
			<key>isa</key>
			<string>PBXFileReference</string>
			<key>lastKnownFileType</key>
			<string>sourcecode.swift</string>
			<key>path</key>
			<string>EndpointManager.swift</string>
			<key>sourceTree</key>
			<string>&lt;group&gt;</string>
		</dict>
		<key>CED9E2A01D74BCF000AADF4D</key>
		<dict>
			<key>fileRef</key>
			<string>CED9E29F1D74BCF000AADF4D</string>
			<key>isa</key>
			<string>PBXBuildFile</string>
		</dict>
		<key>D208A19ADBFAA42F104EF383</key>
		<dict>
			<key>includeInIndex</key>
			<string>1</string>
			<key>isa</key>
			<string>PBXFileReference</string>
			<key>lastKnownFileType</key>
			<string>text.xcconfig</string>
			<key>name</key>
			<string>Pods-CognitiveConcierge.release.xcconfig</string>
			<key>path</key>
			<string>Pods/Target Support Files/Pods-CognitiveConcierge/Pods-CognitiveConcierge.release.xcconfig</string>
			<key>sourceTree</key>
			<string>&lt;group&gt;</string>
		</dict>
		<key>D58AA635FF82F295E566095A</key>
		<dict>
			<key>children</key>
			<array>
				<string>7ADBC9D11DDD591000837023</string>
				<string>7ADBC9D21DDD591000837023</string>
				<string>7ADBC9D31DDD591000837023</string>
				<string>7ADBC9D41DDD591000837023</string>
				<string>87BB7C94DAD466B58261E3B8</string>
			</array>
			<key>isa</key>
			<string>PBXGroup</string>
			<key>name</key>
			<string>Frameworks</string>
			<key>sourceTree</key>
			<string>&lt;group&gt;</string>
		</dict>
		<key>DCF64E1E0842AB98FA211060</key>
		<dict>
			<key>buildActionMask</key>
			<string>2147483647</string>
			<key>files</key>
			<array/>
			<key>inputPaths</key>
			<array/>
			<key>isa</key>
			<string>PBXShellScriptBuildPhase</string>
			<key>name</key>
			<string>[CP] Check Pods Manifest.lock</string>
			<key>outputPaths</key>
			<array/>
			<key>runOnlyForDeploymentPostprocessing</key>
			<string>0</string>
			<key>shellPath</key>
			<string>/bin/sh</string>
			<key>shellScript</key>
			<string>diff "${PODS_ROOT}/../Podfile.lock" "${PODS_ROOT}/Manifest.lock" &gt; /dev/null
if [[ $? != 0 ]] ; then
    cat &lt;&lt; EOM
error: The sandbox is not in sync with the Podfile.lock. Run 'pod install' or update your CocoaPods installation.
EOM
    exit 1
fi
</string>
			<key>showEnvVarsInLog</key>
			<string>0</string>
		</dict>
	</dict>
	<key>rootObject</key>
	<string>7FA7F8841D60CEA70039792A</string>
</dict>
</plist>
